
Microsoft Visual Studio Solution File, Format Version 12.00
# Visual Studio Version 16
VisualStudioVersion = 16.0.31410.357
MinimumVisualStudioVersion = 10.0.40219.1
Project("{2150E333-8FDC-42A3-9474-1A3956D46DE8}") = "Services", "Services", "{F5D47B58-904A-4ED0-9E58-C1F572880818}"
EndProject
Project("{FAE04EC0-301F-11D3-BF4B-00C04F79EFBC}") = "Product.API", "Product.API\Product.API.csproj", "{11B94712-96F3-42B3-9D82-6D9A9E1F937D}"
EndProject
Global
	GlobalSection(SolutionConfigurationPlatforms) = preSolution
		Debug|Any CPU = Debug|Any CPU
		Release|Any CPU = Release|Any CPU
	EndGlobalSection
	GlobalSection(ProjectConfigurationPlatforms) = postSolution
		{11B94712-96F3-42B3-9D82-6D9A9E1F937D}.Debug|Any CPU.ActiveCfg = Debug|Any CPU
		{11B94712-96F3-42B3-9D82-6D9A9E1F937D}.Debug|Any CPU.Build.0 = Debug|Any CPU
		{11B94712-96F3-42B3-9D82-6D9A9E1F937D}.Release|Any CPU.ActiveCfg = Release|Any CPU
		{11B94712-96F3-42B3-9D82-6D9A9E1F937D}.Release|Any CPU.Build.0 = Release|Any CPU
	EndGlobalSection
	GlobalSection(SolutionProperties) = preSolution
		HideSolutionNode = FALSE
	EndGlobalSection
	GlobalSection(NestedProjects) = preSolution
		{11B94712-96F3-42B3-9D82-6D9A9E1F937D} = {F5D47B58-904A-4ED0-9E58-C1F572880818}
	EndGlobalSection
	GlobalSection(ExtensibilityGlobals) = postSolution
		SolutionGuid = {66023383-E34C-457A-925F-186F376F9451}
	EndGlobalSection
EndGlobal
